PODS:
  - PersistentSwift (0.1.2):
    - SwiftyJSON
  - SwiftyJSON (3.1.4)

DEPENDENCIES:
  - PersistentSwift (from `../`)

EXTERNAL SOURCES:
  PersistentSwift:
    :path: ../

SPEC CHECKSUMS:
  PersistentSwift: 0f9412796805b7cfcae35e5e23acea05d9a00536
  SwiftyJSON: c2842d878f95482ffceec5709abc3d05680c0220

PODFILE CHECKSUM: ee6afca765de3b15f9a8dabee804333eec6bc640

COCOAPODS: 1.1.1
